
Microsoft Visual Studio Solution File, Format Version 12.00
# Visual Studio 15
VisualStudioVersion = 15.0.28010.2036
MinimumVisualStudioVersion = 10.0.40219.1
Project("{9A19103F-16F7-4668-BE54-9A1E7A4F7556}") = "WebApplication1", "WebApplication1\WebApplication1.csproj", "{6DCF87F8-6926-4B24-AF27-22F1C4210324}"
EndProject
Global
	GlobalSection(SolutionConfigurationPlatforms) = preSolution
		Debug|Any CPU = Debug|Any CPU
		Release|Any CPU = Release|Any CPU
	EndGlobalSection
	GlobalSection(ProjectConfigurationPlatforms) = postSolution
		{6DCF87F8-6926-4B24-AF27-22F1C4210324}.Debug|Any CPU.ActiveCfg = Debug|Any CPU
		{6DCF87F8-6926-4B24-AF27-22F1C4210324}.Debug|Any CPU.Build.0 = Debug|Any CPU
		{6DCF87F8-6926-4B24-AF27-22F1C4210324}.Release|Any CPU.ActiveCfg = Release|Any CPU
		{6DCF87F8-6926-4B24-AF27-22F1C4210324}.Release|Any CPU.Build.0 = Release|Any CPU
	EndGlobalSection
	GlobalSection(SolutionProperties) = preSolution
		HideSolutionNode = FALSE
	EndGlobalSection
	GlobalSection(ExtensibilityGlobals) = postSolution
		SolutionGuid = {69716BBC-D848-48D5-8E19-BF01EFFECF13}
	EndGlobalSection
EndGlobal
